<Solution>
  <Configurations>
    <Platform Name="x64" />
  </Configurations>
  <Folder Name="/items/">
    <File Path="README.md" />
  </Folder>
  <Project Path="MDViewer/MDViewer.vcxproj" Id="a34bb33f-03fd-4e7c-9301-c1b64bc43007" />
  <Project Path="Setup/Setup.vdproj" Type="Installer" />
</Solution>
